
Microsoft Visual Studio Solution File, Format Version 12.00
# Visual Studio Version 17
VisualStudioVersion = 17.9.34728.123
MinimumVisualStudioVersion = 10.0.40219.1
Project("{FAE04EC0-301F-11D3-BF4B-00C04F79EFBC}") = "View", "View\View.csproj", "{D7438478-039C-4BAE-AAD6-33FF05DCA319}"
EndProject
Project("{FAE04EC0-301F-11D3-BF4B-00C04F79EFBC}") = "Main", "Main\Main.csproj", "{BACF1AD7-AD0D-4CE9-B66C-252C31512349}"
EndProject
Global
	GlobalSection(SolutionConfigurationPlatforms) = preSolution
		Debug|Any CPU = Debug|Any CPU
		Release|Any CPU = Release|Any CPU
	EndGlobalSection
	GlobalSection(ProjectConfigurationPlatforms) = postSolution
		{D7438478-039C-4BAE-AAD6-33FF05DCA319}.Debug|Any CPU.ActiveCfg = Debug|Any CPU
		{D7438478-039C-4BAE-AAD6-33FF05DCA319}.Debug|Any CPU.Build.0 = Debug|Any CPU
		{D7438478-039C-4BAE-AAD6-33FF05DCA319}.Release|Any CPU.ActiveCfg = Release|Any CPU
		{D7438478-039C-4BAE-AAD6-33FF05DCA319}.Release|Any CPU.Build.0 = Release|Any CPU
		{BACF1AD7-AD0D-4CE9-B66C-252C31512349}.Debug|Any CPU.ActiveCfg = Debug|Any CPU
		{BACF1AD7-AD0D-4CE9-B66C-252C31512349}.Debug|Any CPU.Build.0 = Debug|Any CPU
		{BACF1AD7-AD0D-4CE9-B66C-252C31512349}.Release|Any CPU.ActiveCfg = Release|Any CPU
		{BACF1AD7-AD0D-4CE9-B66C-252C31512349}.Release|Any CPU.Build.0 = Release|Any CPU
	EndGlobalSection
	GlobalSection(SolutionProperties) = preSolution
		HideSolutionNode = FALSE
	EndGlobalSection
	GlobalSection(ExtensibilityGlobals) = postSolution
		SolutionGuid = {943E46FD-3146-42C6-B78E-C1172EBF3861}
	EndGlobalSection
EndGlobal
